
Microsoft Visual Studio Solution File, Format Version 12.00
# Visual Studio 15
VisualStudioVersion = 15.0.27130.2026
MinimumVisualStudioVersion = 10.0.40219.1
Project("{FAE04EC0-301F-11D3-BF4B-00C04F79EFBC}") = "LinqExtensions", "LinqExtensins\LinqExtensions.csproj", "{E307C847-E5E2-4823-998B-3110162F2062}"
EndProject
Project("{FAE04EC0-301F-11D3-BF4B-00C04F79EFBC}") = "Entidades", "Entidades\Entidades.csproj", "{95279962-A937-4FED-9E08-9CEDBB4B89BE}"
EndProject
Project("{FAE04EC0-301F-11D3-BF4B-00C04F79EFBC}") = "LinqExtensionsTest", "LinqExtensionsTest\LinqExtensionsTest.csproj", "{C26196DA-E760-4661-B4C6-3FEE98B320C7}"
EndProject
Global
	GlobalSection(SolutionConfigurationPlatforms) = preSolution
		Debug|Any CPU = Debug|Any CPU
		Release|Any CPU = Release|Any CPU
	EndGlobalSection
	GlobalSection(ProjectConfigurationPlatforms) = postSolution
		{E307C847-E5E2-4823-998B-3110162F2062}.Debug|Any CPU.ActiveCfg = Debug|Any CPU
		{E307C847-E5E2-4823-998B-3110162F2062}.Debug|Any CPU.Build.0 = Debug|Any CPU
		{E307C847-E5E2-4823-998B-3110162F2062}.Release|Any CPU.ActiveCfg = Release|Any CPU
		{E307C847-E5E2-4823-998B-3110162F2062}.Release|Any CPU.Build.0 = Release|Any CPU
		{95279962-A937-4FED-9E08-9CEDBB4B89BE}.Debug|Any CPU.ActiveCfg = Debug|Any CPU
		{95279962-A937-4FED-9E08-9CEDBB4B89BE}.Debug|Any CPU.Build.0 = Debug|Any CPU
		{95279962-A937-4FED-9E08-9CEDBB4B89BE}.Release|Any CPU.ActiveCfg = Release|Any CPU
		{95279962-A937-4FED-9E08-9CEDBB4B89BE}.Release|Any CPU.Build.0 = Release|Any CPU
		{C26196DA-E760-4661-B4C6-3FEE98B320C7}.Debug|Any CPU.ActiveCfg = Debug|Any CPU
		{C26196DA-E760-4661-B4C6-3FEE98B320C7}.Debug|Any CPU.Build.0 = Debug|Any CPU
		{C26196DA-E760-4661-B4C6-3FEE98B320C7}.Release|Any CPU.ActiveCfg = Release|Any CPU
		{C26196DA-E760-4661-B4C6-3FEE98B320C7}.Release|Any CPU.Build.0 = Release|Any CPU
	EndGlobalSection
	GlobalSection(SolutionProperties) = preSolution
		HideSolutionNode = FALSE
	EndGlobalSection
	GlobalSection(ExtensibilityGlobals) = postSolution
		SolutionGuid = {ECD7664F-9544-4293-BF1B-18AAA8642030}
	EndGlobalSection
EndGlobal
